
Microsoft Visual Studio Solution File, Format Version 12.00
# Visual Studio 15
Project("{FAE04EC0-301F-11D3-BF4B-00C04F79EFBC}") = "Assembly-CSharp", "Assembly-CSharp.csproj", "{CC859808-5E62-E235-9D57-B7A470CD35DF}"
EndProject
Global
	GlobalSection(SolutionConfigurationPlatforms) = preSolution
		Debug|Any CPU = Debug|Any CPU
		Release|Any CPU = Release|Any CPU
	EndGlobalSection
	GlobalSection(ProjectConfigurationPlatforms) = postSolution
		{CC859808-5E62-E235-9D57-B7A470CD35DF}.Debug|Any CPU.ActiveCfg = Debug|Any CPU
		{CC859808-5E62-E235-9D57-B7A470CD35DF}.Debug|Any CPU.Build.0 = Debug|Any CPU
		{CC859808-5E62-E235-9D57-B7A470CD35DF}.Release|Any CPU.ActiveCfg = Release|Any CPU
		{CC859808-5E62-E235-9D57-B7A470CD35DF}.Release|Any CPU.Build.0 = Release|Any CPU
	EndGlobalSection
	GlobalSection(SolutionProperties) = preSolution
		HideSolutionNode = FALSE
	EndGlobalSection
EndGlobal
